
Microsoft Visual Studio Solution File, Format Version 12.00
# Visual Studio Version 16
VisualStudioVersion = 16.0.31729.503
MinimumVisualStudioVersion = 10.0.40219.1
Project("{9A19103F-16F7-4668-BE54-9A1E7A4F7556}") = "SchedulerCenter.Host", "SchedulerCenter.Host\SchedulerCenter.Host.csproj", "{90D3F2A0-FBE5-4E74-9692-C14305E6934F}"
EndProject
Project("{FAE04EC0-301F-11D3-BF4B-00C04F79EFBC}") = "SchedulerCenter.Application", "SchedulerCenter.Application\SchedulerCenter.Application.csproj", "{1F6B739A-3264-47EC-A415-6868C36651F9}"
EndProject
Global
	GlobalSection(SolutionConfigurationPlatforms) = preSolution
		Debug|Any CPU = Debug|Any CPU
		Release|Any CPU = Release|Any CPU
	EndGlobalSection
	GlobalSection(ProjectConfigurationPlatforms) = postSolution
		{90D3F2A0-FBE5-4E74-9692-C14305E6934F}.Debug|Any CPU.ActiveCfg = Debug|Any CPU
		{90D3F2A0-FBE5-4E74-9692-C14305E6934F}.Debug|Any CPU.Build.0 = Debug|Any CPU
		{90D3F2A0-FBE5-4E74-9692-C14305E6934F}.Release|Any CPU.ActiveCfg = Release|Any CPU
		{90D3F2A0-FBE5-4E74-9692-C14305E6934F}.Release|Any CPU.Build.0 = Release|Any CPU
		{1F6B739A-3264-47EC-A415-6868C36651F9}.Debug|Any CPU.ActiveCfg = Debug|Any CPU
		{1F6B739A-3264-47EC-A415-6868C36651F9}.Debug|Any CPU.Build.0 = Debug|Any CPU
		{1F6B739A-3264-47EC-A415-6868C36651F9}.Release|Any CPU.ActiveCfg = Release|Any CPU
		{1F6B739A-3264-47EC-A415-6868C36651F9}.Release|Any CPU.Build.0 = Release|Any CPU
	EndGlobalSection
	GlobalSection(SolutionProperties) = preSolution
		HideSolutionNode = FALSE
	EndGlobalSection
	GlobalSection(ExtensibilityGlobals) = postSolution
		SolutionGuid = {CD260BE0-3014-4FD6-9A5A-6E129B2ADAC4}
	EndGlobalSection
EndGlobal
